
Microsoft Visual Studio Solution File, Format Version 12.00
# Visual Studio Version 16
VisualStudioVersion = 16.0.30523.141
MinimumVisualStudioVersion = 10.0.40219.1
Project("{FAE04EC0-301F-11D3-BF4B-00C04F79EFBC}") = "TestApp", "TestApp\TestApp.csproj", "{2ACACA73-79DA-406B-9AE5-BFBD362D9987}"
EndProject
Global
	GlobalSection(SolutionConfigurationPlatforms) = preSolution
		Debug|Any CPU = Debug|Any CPU
		Release|Any CPU = Release|Any CPU
	EndGlobalSection
	GlobalSection(ProjectConfigurationPlatforms) = postSolution
		{2ACACA73-79DA-406B-9AE5-BFBD362D9987}.Debug|Any CPU.ActiveCfg = Debug|Any CPU
		{2ACACA73-79DA-406B-9AE5-BFBD362D9987}.Debug|Any CPU.Build.0 = Debug|Any CPU
		{2ACACA73-79DA-406B-9AE5-BFBD362D9987}.Release|Any CPU.ActiveCfg = Release|Any CPU
		{2ACACA73-79DA-406B-9AE5-BFBD362D9987}.Release|Any CPU.Build.0 = Release|Any CPU
	EndGlobalSection
	GlobalSection(SolutionProperties) = preSolution
		HideSolutionNode = FALSE
	EndGlobalSection
	GlobalSection(ExtensibilityGlobals) = postSolution
		SolutionGuid = {47FCE1A5-91DA-475C-822A-D59F722F2EE5}
	EndGlobalSection
EndGlobal
